
Microsoft Visual Studio Solution File, Format Version 12.00
# Visual Studio 15
VisualStudioVersion = 15.0.27428.2027
MinimumVisualStudioVersion = 10.0.40219.1
Project("{FAE04EC0-301F-11D3-BF4B-00C04F79EFBC}") = "WebApplication1", "WebApplication1\WebApplication1.csproj", "{EE605846-A25D-4746-93FD-F73A4611737C}"
EndProject
Global
	GlobalSection(SolutionConfigurationPlatforms) = preSolution
		Debug|Any CPU = Debug|Any CPU
		Release|Any CPU = Release|Any CPU
	EndGlobalSection
	GlobalSection(ProjectConfigurationPlatforms) = postSolution
		{EE605846-A25D-4746-93FD-F73A4611737C}.Debug|Any CPU.ActiveCfg = Debug|Any CPU
		{EE605846-A25D-4746-93FD-F73A4611737C}.Debug|Any CPU.Build.0 = Debug|Any CPU
		{EE605846-A25D-4746-93FD-F73A4611737C}.Release|Any CPU.ActiveCfg = Release|Any CPU
		{EE605846-A25D-4746-93FD-F73A4611737C}.Release|Any CPU.Build.0 = Release|Any CPU
	EndGlobalSection
	GlobalSection(SolutionProperties) = preSolution
		HideSolutionNode = FALSE
	EndGlobalSection
	GlobalSection(ExtensibilityGlobals) = postSolution
		SolutionGuid = {6B179205-DD42-4966-9F92-634A575D5FE4}
	EndGlobalSection
EndGlobal
